
Microsoft Visual Studio Solution File, Format Version 12.00
# Visual Studio Version 17
VisualStudioVersion = 17.10.35013.160
MinimumVisualStudioVersion = 10.0.40219.1
Project("{FAE04EC0-301F-11D3-BF4B-00C04F79EFBC}") = "MineSweeper", "MineSweeper\MineSweeper.csproj", "{267590BF-174D-4C52-81F5-79586544E48E}"
EndProject
Global
	GlobalSection(SolutionConfigurationPlatforms) = preSolution
		Debug|Any CPU = Debug|Any CPU
		Release|Any CPU = Release|Any CPU
	EndGlobalSection
	GlobalSection(ProjectConfigurationPlatforms) = postSolution
		{267590BF-174D-4C52-81F5-79586544E48E}.Debug|Any CPU.ActiveCfg = Debug|Any CPU
		{267590BF-174D-4C52-81F5-79586544E48E}.Debug|Any CPU.Build.0 = Debug|Any CPU
		{267590BF-174D-4C52-81F5-79586544E48E}.Release|Any CPU.ActiveCfg = Release|Any CPU
		{267590BF-174D-4C52-81F5-79586544E48E}.Release|Any CPU.Build.0 = Release|Any CPU
	EndGlobalSection
	GlobalSection(SolutionProperties) = preSolution
		HideSolutionNode = FALSE
	EndGlobalSection
	GlobalSection(ExtensibilityGlobals) = postSolution
		SolutionGuid = {3F3A7A76-A975-46A1-A64C-1F83D30D2158}
	EndGlobalSection
EndGlobal
